
Microsoft Visual Studio Solution File, Format Version 12.00
# Visual Studio Version 17
VisualStudioVersion = 17.14.36616.10 d17.14
MinimumVisualStudioVersion = 10.0.40219.1
Project("{FAE04EC0-301F-11D3-BF4B-00C04F79EFBC}") = "AsistenciaQR", "AsistenciaQR\AsistenciaQR.csproj", "{EA29CD25-4D07-498B-BFB7-04AC30E89237}"
EndProject
Global
	GlobalSection(SolutionConfigurationPlatforms) = preSolution
		Debug|Any CPU = Debug|Any CPU
		Release|Any CPU = Release|Any CPU
	EndGlobalSection
	GlobalSection(ProjectConfigurationPlatforms) = postSolution
		{EA29CD25-4D07-498B-BFB7-04AC30E89237}.Debug|Any CPU.ActiveCfg = Debug|Any CPU
		{EA29CD25-4D07-498B-BFB7-04AC30E89237}.Debug|Any CPU.Build.0 = Debug|Any CPU
		{EA29CD25-4D07-498B-BFB7-04AC30E89237}.Release|Any CPU.ActiveCfg = Release|Any CPU
		{EA29CD25-4D07-498B-BFB7-04AC30E89237}.Release|Any CPU.Build.0 = Release|Any CPU
	EndGlobalSection
	GlobalSection(SolutionProperties) = preSolution
		HideSolutionNode = FALSE
	EndGlobalSection
	GlobalSection(ExtensibilityGlobals) = postSolution
		SolutionGuid = {87EF3921-CF8B-4E35-B128-1CFDF718A286}
	EndGlobalSection
EndGlobal
